
Microsoft Visual Studio Solution File, Format Version 12.00
# Visual Studio Version 16
VisualStudioVersion = 16.0.32630.194
MinimumVisualStudioVersion = 10.0.40219.1
Project("{FAE04EC0-301F-11D3-BF4B-00C04F79EFBC}") = "Menustrip", "winformMDI\Menustrip.csproj", "{C0DF7EFF-5C68-4F09-9462-A1F2FA973660}"
EndProject
Global
	GlobalSection(SolutionConfigurationPlatforms) = preSolution
		Debug|Any CPU = Debug|Any CPU
		Release|Any CPU = Release|Any CPU
	EndGlobalSection
	GlobalSection(ProjectConfigurationPlatforms) = postSolution
		{C0DF7EFF-5C68-4F09-9462-A1F2FA973660}.Debug|Any CPU.ActiveCfg = Debug|Any CPU
		{C0DF7EFF-5C68-4F09-9462-A1F2FA973660}.Debug|Any CPU.Build.0 = Debug|Any CPU
		{C0DF7EFF-5C68-4F09-9462-A1F2FA973660}.Release|Any CPU.ActiveCfg = Release|Any CPU
		{C0DF7EFF-5C68-4F09-9462-A1F2FA973660}.Release|Any CPU.Build.0 = Release|Any CPU
	EndGlobalSection
	GlobalSection(SolutionProperties) = preSolution
		HideSolutionNode = FALSE
	EndGlobalSection
	GlobalSection(ExtensibilityGlobals) = postSolution
		SolutionGuid = {C23F8274-864D-43CD-95E0-2AD530FACDBB}
	EndGlobalSection
EndGlobal
