
Microsoft Visual Studio Solution File, Format Version 12.00
# Visual Studio Version 16
VisualStudioVersion = 16.0.32630.194
MinimumVisualStudioVersion = 10.0.40219.1
Project("{FAE04EC0-301F-11D3-BF4B-00C04F79EFBC}") = "Data_Report", "Data_Report\Data_Report.csproj", "{D901D76A-0511-4A51-B4E0-88D9AD4578BB}"
EndProject
Global
	GlobalSection(SolutionConfigurationPlatforms) = preSolution
		Debug|Any CPU = Debug|Any CPU
		Release|Any CPU = Release|Any CPU
	EndGlobalSection
	GlobalSection(ProjectConfigurationPlatforms) = postSolution
		{D901D76A-0511-4A51-B4E0-88D9AD4578BB}.Debug|Any CPU.ActiveCfg = Debug|Any CPU
		{D901D76A-0511-4A51-B4E0-88D9AD4578BB}.Debug|Any CPU.Build.0 = Debug|Any CPU
		{D901D76A-0511-4A51-B4E0-88D9AD4578BB}.Release|Any CPU.ActiveCfg = Release|Any CPU
		{D901D76A-0511-4A51-B4E0-88D9AD4578BB}.Release|Any CPU.Build.0 = Release|Any CPU
	EndGlobalSection
	GlobalSection(SolutionProperties) = preSolution
		HideSolutionNode = FALSE
	EndGlobalSection
	GlobalSection(ExtensibilityGlobals) = postSolution
		SolutionGuid = {04B8CA47-B845-4009-A157-D7393380A646}
	EndGlobalSection
EndGlobal
